{
  "version": 4,
  "terraform_version": "1.14.3",
  "serial": 27,
  "lineage": "f2e3db91-380a-0970-9855-88ebc711347c",
  "outputs": {
    "show-img": {
      "value": {
        "created_at": "2026-01-05T11:23:46Z",
        "description": "Ubuntu 22.04 lts v20251226030904",
        "family": "ubuntu-2204-lts",
        "folder_id": "standard-images",
        "hardware_generation": [
          {
            "generation2_features": [],
            "legacy_features": [
              {
                "pci_topology": "PCI_TOPOLOGY_V2"
              }
            ]
          }
        ],
        "id": "fd8dv7cnjmuiq8skh4g5",
        "image_id": "fd8dv7cnjmuiq8skh4g5",
        "kms_key_id": null,
        "labels": {
          "version": "20251226030904",
          "x-hopper-operation-id": "d9prs5k6eo72phuos6ba",
          "x-hopper-source-image-id": "fd8kht8sl3dpchn6r0ru"
        },
        "min_disk_size": 8,
        "name": "ubuntu-22-04-lts-v20260105",
        "os_type": "linux",
        "pooled": true,
        "product_ids": [
          "f2efcnfugjk5icnvvoan"
        ],
        "size": 3,
        "status": "ready"
      },
      "type": [
        "object",
        {
          "created_at": "string",
          "description": "string",
          "family": "string",
          "folder_id": "string",
          "hardware_generation": [
            "list",
            [
              "object",
              {
                "generation2_features": [
                  "list",
                  [
                    "object",
                    {}
                  ]
                ],
                "legacy_features": [
                  "list",
                  [
                    "object",
                    {
                      "pci_topology": "string"
                    }
                  ]
                ]
              }
            ]
          ],
          "id": "string",
          "image_id": "string",
          "kms_key_id": "string",
          "labels": [
            "map",
            "string"
          ],
          "min_disk_size": "number",
          "name": "string",
          "os_type": "string",
          "pooled": "bool",
          "product_ids": [
            "set",
            "string"
          ],
          "size": "number",
          "status": "string"
        }
      ]
    }
  },
  "resources": [
    {
      "mode": "data",
      "type": "yandex_compute_image",
      "name": "img",
      "provider": "provider[\"registry.terraform.io/yandex-cloud/yandex\"]",
      "instances": [
        {
          "schema_version": 0,
          "attributes": {
            "created_at": "2026-01-05T11:23:46Z",
            "description": "Ubuntu 22.04 lts v20251226030904",
            "family": "ubuntu-2204-lts",
            "folder_id": "standard-images",
            "hardware_generation": [
              {
                "generation2_features": [],
                "legacy_features": [
                  {
                    "pci_topology": "PCI_TOPOLOGY_V2"
                  }
                ]
              }
            ],
            "id": "fd8dv7cnjmuiq8skh4g5",
            "image_id": "fd8dv7cnjmuiq8skh4g5",
            "kms_key_id": null,
            "labels": {
              "version": "20251226030904",
              "x-hopper-operation-id": "d9prs5k6eo72phuos6ba",
              "x-hopper-source-image-id": "fd8kht8sl3dpchn6r0ru"
            },
            "min_disk_size": 8,
            "name": "ubuntu-22-04-lts-v20260105",
            "os_type": "linux",
            "pooled": true,
            "product_ids": [
              "f2efcnfugjk5icnvvoan"
            ],
            "size": 3,
            "status": "ready"
          },
          "sensitive_attributes": [],
          "identity_schema_version": 0
        }
      ]
    },
    {
      "mode": "managed",
      "type": "yandex_vpc_network",
      "name": "default",
      "provider": "provider[\"registry.terraform.io/yandex-cloud/yandex\"]",
      "instances": [
        {
          "schema_version": 0,
          "attributes": {
            "created_at": "2026-01-03T15:59:50Z",
            "default_security_group_id": "enp0kqstsg7ac4u45sij",
            "description": "",
            "folder_id": "b1g7m6m70k21i8jg3001",
            "id": "enplgacrpsfvia6m5165",
            "labels": {},
            "name": "default",
            "subnet_ids": [
              "e2lpu0oqdsj5e4s6ubs1",
              "e9b69j3bhsjeh9cdhqdk",
              "fl8hhhs49tf6eo5jaqth"
            ],
            "timeouts": null
          },
          "sensitive_attributes": [],
          "identity_schema_version": 0,
          "private": "eyJlMmJmYjczMC1lY2FhLTExZTYtOGY4OC0zNDM2M2JjN2M0YzAiOnsiY3JlYXRlIjo2MDAwMDAwMDAwMCwiZGVsZXRlIjo2MDAwMDAwMDAwMCwidXBkYXRlIjo2MDAwMDAwMDAwMH19"
        }
      ]
    }
  ],
  "check_results": null
}
