{
  "version": 4,
  "terraform_version": "1.14.3",
  "serial": 34,
  "lineage": "f2e3db91-380a-0970-9855-88ebc711347c",
  "outputs": {},
  "resources": [
    {
      "mode": "managed",
      "type": "yandex_vpc_network",
      "name": "default",
      "provider": "provider[\"registry.terraform.io/yandex-cloud/yandex\"]",
      "instances": [
        {
          "schema_version": 0,
          "attributes": {
            "created_at": "2026-01-03T15:59:50Z",
            "default_security_group_id": "enp0kqstsg7ac4u45sij",
            "description": "",
            "folder_id": "b1g7m6m70k21i8jg3001",
            "id": "enplgacrpsfvia6m5165",
            "labels": {},
            "name": "default",
            "subnet_ids": [
              "e2lpu0oqdsj5e4s6ubs1",
              "e9b69j3bhsjeh9cdhqdk",
              "e9btnbjusnfabp3o2dl6",
              "fl8hhhs49tf6eo5jaqth"
            ],
            "timeouts": null
          },
          "sensitive_attributes": [],
          "identity_schema_version": 0,
          "private": "eyJlMmJmYjczMC1lY2FhLTExZTYtOGY4OC0zNDM2M2JjN2M0YzAiOnsiY3JlYXRlIjo2MDAwMDAwMDAwMCwiZGVsZXRlIjo2MDAwMDAwMDAwMCwidXBkYXRlIjo2MDAwMDAwMDAwMH19"
        }
      ]
    }
  ],
  "check_results": null
}
